// !$*UTF8*$!
{
	archiveVersion = 1;
	classes = {
	};
	objectVersion = 56;
	objects = {

/* Begin PBXBuildFile section */
		926DA3612BA5F5E9009A52BC /* AppDelegate.swift in Sources */ = {isa = PBXBuildFile; fileRef = 926DA3602BA5F5E9009A52BC /* AppDelegate.swift */; };
		926DA3632BA5F5E9009A52BC /* SceneDelegate.swift in Sources */ = {isa = PBXBuildFile; fileRef = 926DA3622BA5F5E9009A52BC /* SceneDelegate.swift */; };
		926DA3652BA5F5E9009A52BC /* ViewController.swift in Sources */ = {isa = PBXBuildFile; fileRef = 926DA3642BA5F5E9009A52BC /* ViewController.swift */; };
		926DA3682BA5F5E9009A52BC /* Main.storyboard in Resources */ = {isa = PBXBuildFile; fileRef = 926DA3662BA5F5E9009A52BC /* Main.storyboard */; };
		926DA36A2BA5F5EB009A52BC /* Assets.xcassets in Resources */ = {isa = PBXBuildFile; fileRef = 926DA3692BA5F5EB009A52BC /* Assets.xcassets */; };
		926DA36D2BA5F5EB009A52BC /* LaunchScreen.storyboard in Resources */ = {isa = PBXBuildFile; fileRef = 926DA36B2BA5F5EB009A52BC /* LaunchScreen.storyboard */; };
		926DA3782BA5F5EB009A52BC /* WeatherApp_SadidurTests.swift in Sources */ = {isa = PBXBuildFile; fileRef = 926DA3772BA5F5EB009A52BC /* WeatherApp_SadidurTests.swift */; };
		926DA3822BA5F5EB009A52BC /* WeatherApp_SadidurUITests.swift in Sources */ = {isa = PBXBuildFile; fileRef = 926DA3812BA5F5EB009A52BC /* WeatherApp_SadidurUITests.swift */; };
		926DA3842BA5F5EB009A52BC /* WeatherApp_SadidurUITestsLaunchTests.swift in Sources */ = {isa = PBXBuildFile; fileRef = 926DA3832BA5F5EB009A52BC /* WeatherApp_SadidurUITestsLaunchTests.swift */; };
/* End PBXBuildFile section */

/* Begin PBXContainerItemProxy section */
		926DA3742BA5F5EB009A52BC /* PBXContainerItemProxy */ = {
			isa = PBXContainerItemProxy;
			containerPortal = 926DA3552BA5F5E9009A52BC /* Project object */;
			proxyType = 1;
			remoteGlobalIDString = 926DA35C2BA5F5E9009A52BC;
			remoteInfo = WeatherApp_Sadidur;
		};
		926DA37E2BA5F5EB009A52BC /* PBXContainerItemProxy */ = {
			isa = PBXContainerItemProxy;
			containerPortal = 926DA3552BA5F5E9009A52BC /* Project object */;
			proxyType = 1;
			remoteGlobalIDString = 926DA35C2BA5F5E9009A52BC;
			remoteInfo = WeatherApp_Sadidur;
		};
/* End PBXContainerItemProxy section */

/* Begin PBXFileReference section */
		926DA35D2BA5F5E9009A52BC /* WeatherApp_Sadidur.app */ = {isa = PBXFileReference; explicitFileType = wrapper.application; includeInIndex = 0; path = WeatherApp_Sadidur.app; sourceTree = BUILT_PRODUCTS_DIR; };
		926DA3602BA5F5E9009A52BC /* AppDelegate.swift */ = {isa = PBXFileReference; lastKnownFileType = sourcecode.swift; path = AppDelegate.swift; sourceTree = "<group>"; };
		926DA3622BA5F5E9009A52BC /* SceneDelegate.swift */ = {isa = PBXFileReference; lastKnownFileType = sourcecode.swift; path = SceneDelegate.swift; sourceTree = "<group>"; };
		926DA3642BA5F5E9009A52BC /* ViewController.swift */ = {isa = PBXFileReference; lastKnownFileType = sourcecode.swift; path = ViewController.swift; sourceTree = "<group>"; };
		926DA3672BA5F5E9009A52BC /* Base */ = {isa = PBXFileReference; lastKnownFileType = file.storyboard; name = Base; path = Base.lproj/Main.storyboard; sourceTree = "<group>"; };
		926DA3692BA5F5EB009A52BC /* Assets.xcassets */ = {isa = PBXFileReference; lastKnownFileType = folder.assetcatalog; path = Assets.xcassets; sourceTree = "<group>"; };
		926DA36C2BA5F5EB009A52BC /* Base */ = {isa = PBXFileReference; lastKnownFileType = file.storyboard; name = Base; path = Base.lproj/LaunchScreen.storyboard; sourceTree = "<group>"; };
		926DA36E2BA5F5EB009A52BC /* Info.plist */ = {isa = PBXFileReference; lastKnownFileType = text.plist.xml; path = Info.plist; sourceTree = "<group>"; };
		926DA3732BA5F5EB009A52BC /* WeatherApp_SadidurTests.xctest */ = {isa = PBXFileReference; explicitFileType = wrapper.cfbundle; includeInIndex = 0; path = WeatherApp_SadidurTests.xctest; sourceTree = BUILT_PRODUCTS_DIR; };
		926DA3772BA5F5EB009A52BC /* WeatherApp_SadidurTests.swift */ = {isa = PBXFileReference; lastKnownFileType = sourcecode.swift; path = WeatherApp_SadidurTests.swift; sourceTree = "<group>"; };
		926DA37D2BA5F5EB009A52BC /* WeatherApp_SadidurUITests.xctest */ = {isa = PBXFileReference; explicitFileType = wrapper.cfbundle; includeInIndex = 0; path = WeatherApp_SadidurUITests.xctest; sourceTree = BUILT_PRODUCTS_DIR; };
		926DA3812BA5F5EB009A52BC /* WeatherApp_SadidurUITests.swift */ = {isa = PBXFileReference; lastKnownFileType = sourcecode.swift; path = WeatherApp_SadidurUITests.swift; sourceTree = "<group>"; };
		926DA3832BA5F5EB009A52BC /* WeatherApp_SadidurUITestsLaunchTests.swift */ = {isa = PBXFileReference; lastKnownFileType = sourcecode.swift; path = WeatherApp_SadidurUITestsLaunchTests.swift; sourceTree = "<group>"; };
/* End PBXFileReference section */

/* Begin PBXFrameworksBuildPhase section */
		926DA35A2BA5F5E9009A52BC /* Frameworks */ = {
			isa = PBXFrameworksBuildPhase;
			buildActionMask = 2147483647;
			files = (
			);
			runOnlyForDeploymentPostprocessing = 0;
		};
		926DA3702BA5F5EB009A52BC /* Frameworks */ = {
			isa = PBXFrameworksBuildPhase;
			buildActionMask = 2147483647;
			files = (
			);
			runOnlyForDeploymentPostprocessing = 0;
		};
		926DA37A2BA5F5EB009A52BC /* Frameworks */ = {
			isa = PBXFrameworksBuildPhase;
			buildActionMask = 2147483647;
			files = (
			);
			runOnlyForDeploymentPostprocessing = 0;
		};
/* End PBXFrameworksBuildPhase section */

/* Begin PBXGroup section */
		926DA3542BA5F5E9009A52BC = {
			isa = PBXGroup;
			children = (
				926DA35F2BA5F5E9009A52BC /* WeatherApp_Sadidur */,
				926DA3762BA5F5EB009A52BC /* WeatherApp_SadidurTests */,
				926DA3802BA5F5EB009A52BC /* WeatherApp_SadidurUITests */,
				926DA35E2BA5F5E9009A52BC /* Products */,
			);
			sourceTree = "<group>";
		};
		926DA35E2BA5F5E9009A52BC /* Products */ = {
			isa = PBXGroup;
			children = (
				926DA35D2BA5F5E9009A52BC /* WeatherApp_Sadidur.app */,
				926DA3732BA5F5EB009A52BC /* WeatherApp_SadidurTests.xctest */,
				926DA37D2BA5F5EB009A52BC /* WeatherApp_SadidurUITests.xctest */,
			);
			name = Products;
			sourceTree = "<group>";
		};
		926DA35F2BA5F5E9009A52BC /* WeatherApp_Sadidur */ = {
			isa = PBXGroup;
			children = (
				926DA3602BA5F5E9009A52BC /* AppDelegate.swift */,
				926DA3622BA5F5E9009A52BC /* SceneDelegate.swift */,
				926DA3642BA5F5E9009A52BC /* ViewController.swift */,
				926DA3662BA5F5E9009A52BC /* Main.storyboard */,
				926DA3692BA5F5EB009A52BC /* Assets.xcassets */,
				926DA36B2BA5F5EB009A52BC /* LaunchScreen.storyboard */,
				926DA36E2BA5F5EB009A52BC /* Info.plist */,
			);
			path = WeatherApp_Sadidur;
			sourceTree = "<group>";
		};
		926DA3762BA5F5EB009A52BC /* WeatherApp_SadidurTests */ = {
			isa = PBXGroup;
			children = (
				926DA3772BA5F5EB009A52BC /* WeatherApp_SadidurTests.swift */,
			);
			path = WeatherApp_SadidurTests;
			sourceTree = "<group>";
		};
		926DA3802BA5F5EB009A52BC /* WeatherApp_SadidurUITests */ = {
			isa = PBXGroup;
			children = (
				926DA3812BA5F5EB009A52BC /* WeatherApp_SadidurUITests.swift */,
				926DA3832BA5F5EB009A52BC /* WeatherApp_SadidurUITestsLaunchTests.swift */,
			);
			path = WeatherApp_SadidurUITests;
			sourceTree = "<group>";
		};
/* End PBXGroup section */

/* Begin PBXNativeTarget section */
		926DA35C2BA5F5E9009A52BC /* WeatherApp_Sadidur */ = {
			isa = PBXNativeTarget;
			buildConfigurationList = 926DA3872BA5F5EB009A52BC /* Build configuration list for PBXNativeTarget "WeatherApp_Sadidur" */;
			buildPhases = (
				926DA3592BA5F5E9009A52BC /* Sources */,
				926DA35A2BA5F5E9009A52BC /* Frameworks */,
				926DA35B2BA5F5E9009A52BC /* Resources */,
			);
			buildRules = (
			);
			dependencies = (
			);
			name = WeatherApp_Sadidur;
			productName = WeatherApp_Sadidur;
			productReference = 926DA35D2BA5F5E9009A52BC /* WeatherApp_Sadidur.app */;
			productType = "com.apple.product-type.application";
		};
		926DA3722BA5F5EB009A52BC /* WeatherApp_SadidurTests */ = {
			isa = PBXNativeTarget;
			buildConfigurationList = 926DA38A2BA5F5EB009A52BC /* Build configuration list for PBXNativeTarget "WeatherApp_SadidurTests" */;
			buildPhases = (
				926DA36F2BA5F5EB009A52BC /* Sources */,
				926DA3702BA5F5EB009A52BC /* Frameworks */,
				926DA3712BA5F5EB009A52BC /* Resources */,
			);
			buildRules = (
			);
			dependencies = (
				926DA3752BA5F5EB009A52BC /* PBXTargetDependency */,
			);
			name = WeatherApp_SadidurTests;
			productName = WeatherApp_SadidurTests;
			productReference = 926DA3732BA5F5EB009A52BC /* WeatherApp_SadidurTests.xctest */;
			productType = "com.apple.product-type.bundle.unit-test";
		};
		926DA37C2BA5F5EB009A52BC /* WeatherApp_SadidurUITests */ = {
			isa = PBXNativeTarget;
			buildConfigurationList = 926DA38D2BA5F5EB009A52BC /* Build configuration list for PBXNativeTarget "WeatherApp_SadidurUITests" */;
			buildPhases = (
				926DA3792BA5F5EB009A52BC /* Sources */,
				926DA37A2BA5F5EB009A52BC /* Frameworks */,
				926DA37B2BA5F5EB009A52BC /* Resources */,
			);
			buildRules = (
			);
			dependencies = (
				926DA37F2BA5F5EB009A52BC /* PBXTargetDependency */,
			);
			name = WeatherApp_SadidurUITests;
			productName = WeatherApp_SadidurUITests;
			productReference = 926DA37D2BA5F5EB009A52BC /* WeatherApp_SadidurUITests.xctest */;
			productType = "com.apple.product-type.bundle.ui-testing";
		};
/* End PBXNativeTarget section */

/* Begin PBXProject section */
		926DA3552BA5F5E9009A52BC /* Project object */ = {
			isa = PBXProject;
			attributes = {
				BuildIndependentTargetsInParallel = 1;
				LastSwiftUpdateCheck = 1520;
				LastUpgradeCheck = 1520;
				TargetAttributes = {
					926DA35C2BA5F5E9009A52BC = {
						CreatedOnToolsVersion = 15.2;
					};
					926DA3722BA5F5EB009A52BC = {
						CreatedOnToolsVersion = 15.2;
						TestTargetID = 926DA35C2BA5F5E9009A52BC;
					};
					926DA37C2BA5F5EB009A52BC = {
						CreatedOnToolsVersion = 15.2;
						TestTargetID = 926DA35C2BA5F5E9009A52BC;
					};
				};
			};
			buildConfigurationList = 926DA3582BA5F5E9009A52BC /* Build configuration list for PBXProject "WeatherApp_Sadidur" */;
			compatibilityVersion = "Xcode 14.0";
			developmentRegion = en;
			hasScannedForEncodings = 0;
			knownRegions = (
				en,
				Base,
			);
			mainGroup = 926DA3542BA5F5E9009A52BC;
			productRefGroup = 926DA35E2BA5F5E9009A52BC /* Products */;
			projectDirPath = "";
			projectRoot = "";
			targets = (
				926DA35C2BA5F5E9009A52BC /* WeatherApp_Sadidur */,
				926DA3722BA5F5EB009A52BC /* WeatherApp_SadidurTests */,
				926DA37C2BA5F5EB009A52BC /* WeatherApp_SadidurUITests */,
			);
		};
/* End PBXProject section */

/* Begin PBXResourcesBuildPhase section */
		926DA35B2BA5F5E9009A52BC /* Resources */ = {
			isa = PBXResourcesBuildPhase;
			buildActionMask = 2147483647;
			files = (
				926DA36D2BA5F5EB009A52BC /* LaunchScreen.storyboard in Resources */,
				926DA36A2BA5F5EB009A52BC /* Assets.xcassets in Resources */,
				926DA3682BA5F5E9009A52BC /* Main.storyboard in Resources */,
			);
			runOnlyForDeploymentPostprocessing = 0;
		};
		926DA3712BA5F5EB009A52BC /* Resources */ = {
			isa = PBXResourcesBuildPhase;
			buildActionMask = 2147483647;
			files = (
			);
			runOnlyForDeploymentPostprocessing = 0;
		};
		926DA37B2BA5F5EB009A52BC /* Resources */ = {
			isa = PBXResourcesBuildPhase;
			buildActionMask = 2147483647;
			files = (
			);
			runOnlyForDeploymentPostprocessing = 0;
		};
/* End PBXResourcesBuildPhase section */

/* Begin PBXSourcesBuildPhase section */
		926DA3592BA5F5E9009A52BC /* Sources */ = {
			isa = PBXSourcesBuildPhase;
			buildActionMask = 2147483647;
			files = (
				926DA3652BA5F5E9009A52BC /* ViewController.swift in Sources */,
				926DA3612BA5F5E9009A52BC /* AppDelegate.swift in Sources */,
				926DA3632BA5F5E9009A52BC /* SceneDelegate.swift in Sources */,
			);
			runOnlyForDeploymentPostprocessing = 0;
		};
		926DA36F2BA5F5EB009A52BC /* Sources */ = {
			isa = PBXSourcesBuildPhase;
			buildActionMask = 2147483647;
			files = (
				926DA3782BA5F5EB009A52BC /* WeatherApp_SadidurTests.swift in Sources */,
			);
			runOnlyForDeploymentPostprocessing = 0;
		};
		926DA3792BA5F5EB009A52BC /* Sources */ = {
			isa = PBXSourcesBuildPhase;
			buildActionMask = 2147483647;
			files = (
				926DA3842BA5F5EB009A52BC /* WeatherApp_SadidurUITestsLaunchTests.swift in Sources */,
				926DA3822BA5F5EB009A52BC /* WeatherApp_SadidurUITests.swift in Sources */,
			);
			runOnlyForDeploymentPostprocessing = 0;
		};
/* End PBXSourcesBuildPhase section */

/* Begin PBXTargetDependency section */
		926DA3752BA5F5EB009A52BC /* PBXTargetDependency */ = {
			isa = PBXTargetDependency;
			target = 926DA35C2BA5F5E9009A52BC /* WeatherApp_Sadidur */;
			targetProxy = 926DA3742BA5F5EB009A52BC /* PBXContainerItemProxy */;
		};
		926DA37F2BA5F5EB009A52BC /* PBXTargetDependency */ = {
			isa = PBXTargetDependency;
			target = 926DA35C2BA5F5E9009A52BC /* WeatherApp_Sadidur */;
			targetProxy = 926DA37E2BA5F5EB009A52BC /* PBXContainerItemProxy */;
		};
/* End PBXTargetDependency section */

/* Begin PBXVariantGroup section */
		926DA3662BA5F5E9009A52BC /* Main.storyboard */ = {
			isa = PBXVariantGroup;
			children = (
				926DA3672BA5F5E9009A52BC /* Base */,
			);
			name = Main.storyboard;
			sourceTree = "<group>";
		};
		926DA36B2BA5F5EB009A52BC /* LaunchScreen.storyboard */ = {
			isa = PBXVariantGroup;
			children = (
				926DA36C2BA5F5EB009A52BC /* Base */,
			);
			name = LaunchScreen.storyboard;
			sourceTree = "<group>";
		};
/* End PBXVariantGroup section */

/* Begin XCBuildConfiguration section */
		926DA3852BA5F5EB009A52BC /* Debug */ = {
			isa = XCBuildConfiguration;
			buildSettings = {
				ALWAYS_SEARCH_USER_PATHS = NO;
				ASSETCATALOG_COMPILER_GENERATE_SWIFT_ASSET_SYMBOL_EXTENSIONS = YES;
				CLANG_ANALYZER_NONNULL = YES;
				CLANG_ANALYZER_NUMBER_OBJECT_CONVERSION = YES_AGGRESSIVE;
				CLANG_CXX_LANGUAGE_STANDARD = "gnu++20";
				CLANG_ENABLE_MODULES = YES;
				CLANG_ENABLE_OBJC_ARC = YES;
				CLANG_ENABLE_OBJC_WEAK = YES;
				CLANG_WARN_BLOCK_CAPTURE_AUTORELEASING = YES;
				CLANG_WARN_BOOL_CONVERSION = YES;
				CLANG_WARN_COMMA = YES;
				CLANG_WARN_CONSTANT_CONVERSION = YES;
				CLANG_WARN_DEPRECATED_OBJC_IMPLEMENTATIONS = YES;
				CLANG_WARN_DIRECT_OBJC_ISA_USAGE = YES_ERROR;
				CLANG_WARN_DOCUMENTATION_COMMENTS = YES;
				CLANG_WARN_EMPTY_BODY = YES;
				CLANG_WARN_ENUM_CONVERSION = YES;
				CLANG_WARN_INFINITE_RECURSION = YES;
				CLANG_WARN_INT_CONVERSION = YES;
				CLANG_WARN_NON_LITERAL_NULL_CONVERSION = YES;
				CLANG_WARN_OBJC_IMPLICIT_RETAIN_SELF = YES;
				CLANG_WARN_OBJC_LITERAL_CONVERSION = YES;
				CLANG_WARN_OBJC_ROOT_CLASS = YES_ERROR;
				CLANG_WARN_QUOTED_INCLUDE_IN_FRAMEWORK_HEADER = YES;
				CLANG_WARN_RANGE_LOOP_ANALYSIS = YES;
				CLANG_WARN_STRICT_PROTOTYPES = YES;
				CLANG_WARN_SUSPICIOUS_MOVE = YES;
				CLANG_WARN_UNGUARDED_AVAILABILITY = YES_AGGRESSIVE;
				CLANG_WARN_UNREACHABLE_CODE = YES;
				CLANG_WARN__DUPLICATE_METHOD_MATCH = YES;
				COPY_PHASE_STRIP = NO;
				DEBUG_INFORMATION_FORMAT = dwarf;
				ENABLE_STRICT_OBJC_MSGSEND = YES;
				ENABLE_TESTABILITY = YES;
				ENABLE_USER_SCRIPT_SANDBOXING = YES;
				GCC_C_LANGUAGE_STANDARD = gnu17;
				GCC_DYNAMIC_NO_PIC = NO;
				GCC_NO_COMMON_BLOCKS = YES;
				GCC_OPTIMIZATION_LEVEL = 0;
				GCC_PREPROCESSOR_DEFINITIONS = (
					"DEBUG=1",
					"$(inherited)",
				);
				GCC_WARN_64_TO_32_BIT_CONVERSION = YES;
				GCC_WARN_ABOUT_RETURN_TYPE = YES_ERROR;
				GCC_WARN_UNDECLARED_SELECTOR = YES;
				GCC_WARN_UNINITIALIZED_AUTOS = YES_AGGRESSIVE;
				GCC_WARN_UNUSED_FUNCTION = YES;
				GCC_WARN_UNUSED_VARIABLE = YES;
				IPHONEOS_DEPLOYMENT_TARGET = 17.2;
				LOCALIZATION_PREFERS_STRING_CATALOGS = YES;
				MTL_ENABLE_DEBUG_INFO = INCLUDE_SOURCE;
				MTL_FAST_MATH = YES;
				ONLY_ACTIVE_ARCH = YES;
				SDKROOT = iphoneos;
				SWIFT_ACTIVE_COMPILATION_CONDITIONS = "DEBUG $(inherited)";
				SWIFT_OPTIMIZATION_LEVEL = "-Onone";
			};
			name = Debug;
		};
		926DA3862BA5F5EB009A52BC /* Release */ = {
			isa = XCBuildConfiguration;
			buildSettings = {
				ALWAYS_SEARCH_USER_PATHS = NO;
				ASSETCATALOG_COMPILER_GENERATE_SWIFT_ASSET_SYMBOL_EXTENSIONS = YES;
				CLANG_ANALYZER_NONNULL = YES;
				CLANG_ANALYZER_NUMBER_OBJECT_CONVERSION = YES_AGGRESSIVE;
				CLANG_CXX_LANGUAGE_STANDARD = "gnu++20";
				CLANG_ENABLE_MODULES = YES;
				CLANG_ENABLE_OBJC_ARC = YES;
				CLANG_ENABLE_OBJC_WEAK = YES;
				CLANG_WARN_BLOCK_CAPTURE_AUTORELEASING = YES;
				CLANG_WARN_BOOL_CONVERSION = YES;
				CLANG_WARN_COMMA = YES;
				CLANG_WARN_CONSTANT_CONVERSION = YES;
				CLANG_WARN_DEPRECATED_OBJC_IMPLEMENTATIONS = YES;
				CLANG_WARN_DIRECT_OBJC_ISA_USAGE = YES_ERROR;
				CLANG_WARN_DOCUMENTATION_COMMENTS = YES;
				CLANG_WARN_EMPTY_BODY = YES;
				CLANG_WARN_ENUM_CONVERSION = YES;
				CLANG_WARN_INFINITE_RECURSION = YES;
				CLANG_WARN_INT_CONVERSION = YES;
				CLANG_WARN_NON_LITERAL_NULL_CONVERSION = YES;
				CLANG_WARN_OBJC_IMPLICIT_RETAIN_SELF = YES;
				CLANG_WARN_OBJC_LITERAL_CONVERSION = YES;
				CLANG_WARN_OBJC_ROOT_CLASS = YES_ERROR;
				CLANG_WARN_QUOTED_INCLUDE_IN_FRAMEWORK_HEADER = YES;
				CLANG_WARN_RANGE_LOOP_ANALYSIS = YES;
				CLANG_WARN_STRICT_PROTOTYPES = YES;
				CLANG_WARN_SUSPICIOUS_MOVE = YES;
				CLANG_WARN_UNGUARDED_AVAILABILITY = YES_AGGRESSIVE;
				CLANG_WARN_UNREACHABLE_CODE = YES;
				CLANG_WARN__DUPLICATE_METHOD_MATCH = YES;
				COPY_PHASE_STRIP = NO;
				DEBUG_INFORMATION_FORMAT = "dwarf-with-dsym";
				ENABLE_NS_ASSERTIONS = NO;
				ENABLE_STRICT_OBJC_MSGSEND = YES;
				ENABLE_USER_SCRIPT_SANDBOXING = YES;
				GCC_C_LANGUAGE_STANDARD = gnu17;
				GCC_NO_COMMON_BLOCKS = YES;
				GCC_WARN_64_TO_32_BIT_CONVERSION = YES;
				GCC_WARN_ABOUT_RETURN_TYPE = YES_ERROR;
				GCC_WARN_UNDECLARED_SELECTOR = YES;
				GCC_WARN_UNINITIALIZED_AUTOS = YES_AGGRESSIVE;
				GCC_WARN_UNUSED_FUNCTION = YES;
				GCC_WARN_UNUSED_VARIABLE = YES;
				IPHONEOS_DEPLOYMENT_TARGET = 17.2;
				LOCALIZATION_PREFERS_STRING_CATALOGS = YES;
				MTL_ENABLE_DEBUG_INFO = NO;
				MTL_FAST_MATH = YES;
				SDKROOT = iphoneos;
				SWIFT_COMPILATION_MODE = wholemodule;
				VALIDATE_PRODUCT = YES;
			};
			name = Release;
		};
		926DA3882BA5F5EB009A52BC /* Debug */ = {
			isa = XCBuildConfiguration;
			buildSettings = {
				ASSETCATALOG_COMPILER_APPICON_NAME = AppIcon;
				ASSETCATALOG_COMPILER_GLOBAL_ACCENT_COLOR_NAME = AccentColor;
				CODE_SIGN_STYLE = Automatic;
				CURRENT_PROJECT_VERSION = 1;
				DEVELOPMENT_TEAM = T3CB6D9Z7R;
				GENERATE_INFOPLIST_FILE = YES;
				INFOPLIST_FILE = WeatherApp_Sadidur/Info.plist;
				INFOPLIST_KEY_UIApplicationSupportsIndirectInputEvents = YES;
				INFOPLIST_KEY_UILaunchStoryboardName = LaunchScreen;
				INFOPLIST_KEY_UIMainStoryboardFile = Main;
				INFOPLIST_KEY_UISupportedInterfaceOrientations_iPad = "UIInterfaceOrientationPortrait UIInterfaceOrientationPortraitUpsideDown UIInterfaceOrientationLandscapeLeft UIInterfaceOrientationLandscapeRight";
				INFOPLIST_KEY_UISupportedInterfaceOrientations_iPhone = "UIInterfaceOrientationPortrait UIInterfaceOrientationLandscapeLeft UIInterfaceOrientationLandscapeRight";
				LD_RUNPATH_SEARCH_PATHS = (
					"$(inherited)",
					"@executable_path/Frameworks",
				);
				MARKETING_VERSION = 1.0;
				PRODUCT_BUNDLE_IDENTIFIER = "com.sadid.WeatherAppSadidur.WeatherApp-Sadidur";
				PRODUCT_NAME = "$(TARGET_NAME)";
				SWIFT_EMIT_LOC_STRINGS = YES;
				SWIFT_VERSION = 5.0;
				TARGETED_DEVICE_FAMILY = "1,2";
			};
			name = Debug;
		};
		926DA3892BA5F5EB009A52BC /* Release */ = {
			isa = XCBuildConfiguration;
			buildSettings = {
				ASSETCATALOG_COMPILER_APPICON_NAME = AppIcon;
				ASSETCATALOG_COMPILER_GLOBAL_ACCENT_COLOR_NAME = AccentColor;
				CODE_SIGN_STYLE = Automatic;
				CURRENT_PROJECT_VERSION = 1;
				DEVELOPMENT_TEAM = T3CB6D9Z7R;
				GENERATE_INFOPLIST_FILE = YES;
				INFOPLIST_FILE = WeatherApp_Sadidur/Info.plist;
				INFOPLIST_KEY_UIApplicationSupportsIndirectInputEvents = YES;
				INFOPLIST_KEY_UILaunchStoryboardName = LaunchScreen;
				INFOPLIST_KEY_UIMainStoryboardFile = Main;
				INFOPLIST_KEY_UISupportedInterfaceOrientations_iPad = "UIInterfaceOrientationPortrait UIInterfaceOrientationPortraitUpsideDown UIInterfaceOrientationLandscapeLeft UIInterfaceOrientationLandscapeRight";
				INFOPLIST_KEY_UISupportedInterfaceOrientations_iPhone = "UIInterfaceOrientationPortrait UIInterfaceOrientationLandscapeLeft UIInterfaceOrientationLandscapeRight";
				LD_RUNPATH_SEARCH_PATHS = (
					"$(inherited)",
					"@executable_path/Frameworks",
				);
				MARKETING_VERSION = 1.0;
				PRODUCT_BUNDLE_IDENTIFIER = "com.sadid.WeatherAppSadidur.WeatherApp-Sadidur";
				PRODUCT_NAME = "$(TARGET_NAME)";
				SWIFT_EMIT_LOC_STRINGS = YES;
				SWIFT_VERSION = 5.0;
				TARGETED_DEVICE_FAMILY = "1,2";
			};
			name = Release;
		};
		926DA38B2BA5F5EB009A52BC /* Debug */ = {
			isa = XCBuildConfiguration;
			buildSettings = {
				ALWAYS_EMBED_SWIFT_STANDARD_LIBRARIES = YES;
				BUNDLE_LOADER = "$(TEST_HOST)";
				CODE_SIGN_STYLE = Automatic;
				CURRENT_PROJECT_VERSION = 1;
				DEVELOPMENT_TEAM = T3CB6D9Z7R;
				GENERATE_INFOPLIST_FILE = YES;
				IPHONEOS_DEPLOYMENT_TARGET = 17.2;
				MARKETING_VERSION = 1.0;
				PRODUCT_BUNDLE_IDENTIFIER = "com.sadid.WeatherAppSadidur.WeatherApp-SadidurTests";
				PRODUCT_NAME = "$(TARGET_NAME)";
				SWIFT_EMIT_LOC_STRINGS = NO;
				SWIFT_VERSION = 5.0;
				TARGETED_DEVICE_FAMILY = "1,2";
				TEST_HOST = "$(BUILT_PRODUCTS_DIR)/WeatherApp_Sadidur.app/$(BUNDLE_EXECUTABLE_FOLDER_PATH)/WeatherApp_Sadidur";
			};
			name = Debug;
		};
		926DA38C2BA5F5EB009A52BC /* Release */ = {
			isa = XCBuildConfiguration;
			buildSettings = {
				ALWAYS_EMBED_SWIFT_STANDARD_LIBRARIES = YES;
				BUNDLE_LOADER = "$(TEST_HOST)";
				CODE_SIGN_STYLE = Automatic;
				CURRENT_PROJECT_VERSION = 1;
				DEVELOPMENT_TEAM = T3CB6D9Z7R;
				GENERATE_INFOPLIST_FILE = YES;
				IPHONEOS_DEPLOYMENT_TARGET = 17.2;
				MARKETING_VERSION = 1.0;
				PRODUCT_BUNDLE_IDENTIFIER = "com.sadid.WeatherAppSadidur.WeatherApp-SadidurTests";
				PRODUCT_NAME = "$(TARGET_NAME)";
				SWIFT_EMIT_LOC_STRINGS = NO;
				SWIFT_VERSION = 5.0;
				TARGETED_DEVICE_FAMILY = "1,2";
				TEST_HOST = "$(BUILT_PRODUCTS_DIR)/WeatherApp_Sadidur.app/$(BUNDLE_EXECUTABLE_FOLDER_PATH)/WeatherApp_Sadidur";
			};
			name = Release;
		};
		926DA38E2BA5F5EB009A52BC /* Debug */ = {
			isa = XCBuildConfiguration;
			buildSettings = {
				ALWAYS_EMBED_SWIFT_STANDARD_LIBRARIES = YES;
				CODE_SIGN_STYLE = Automatic;
				CURRENT_PROJECT_VERSION = 1;
				DEVELOPMENT_TEAM = T3CB6D9Z7R;
				GENERATE_INFOPLIST_FILE = YES;
				MARKETING_VERSION = 1.0;
				PRODUCT_BUNDLE_IDENTIFIER = "com.sadid.WeatherAppSadidur.WeatherApp-SadidurUITests";
				PRODUCT_NAME = "$(TARGET_NAME)";
				SWIFT_EMIT_LOC_STRINGS = NO;
				SWIFT_VERSION = 5.0;
				TARGETED_DEVICE_FAMILY = "1,2";
				TEST_TARGET_NAME = WeatherApp_Sadidur;
			};
			name = Debug;
		};
		926DA38F2BA5F5EB009A52BC /* Release */ = {
			isa = XCBuildConfiguration;
			buildSettings = {
				ALWAYS_EMBED_SWIFT_STANDARD_LIBRARIES = YES;
				CODE_SIGN_STYLE = Automatic;
				CURRENT_PROJECT_VERSION = 1;
				DEVELOPMENT_TEAM = T3CB6D9Z7R;
				GENERATE_INFOPLIST_FILE = YES;
				MARKETING_VERSION = 1.0;
				PRODUCT_BUNDLE_IDENTIFIER = "com.sadid.WeatherAppSadidur.WeatherApp-SadidurUITests";
				PRODUCT_NAME = "$(TARGET_NAME)";
				SWIFT_EMIT_LOC_STRINGS = NO;
				SWIFT_VERSION = 5.0;
				TARGETED_DEVICE_FAMILY = "1,2";
				TEST_TARGET_NAME = WeatherApp_Sadidur;
			};
			name = Release;
		};
/* End XCBuildConfiguration section */

/* Begin XCConfigurationList section */
		926DA3582BA5F5E9009A52BC /* Build configuration list for PBXProject "WeatherApp_Sadidur" */ = {
			isa = XCConfigurationList;
			buildConfigurations = (
				926DA3852BA5F5EB009A52BC /* Debug */,
				926DA3862BA5F5EB009A52BC /* Release */,
			);
			defaultConfigurationIsVisible = 0;
			defaultConfigurationName = Release;
		};
		926DA3872BA5F5EB009A52BC /* Build configuration list for PBXNativeTarget "WeatherApp_Sadidur" */ = {
			isa = XCConfigurationList;
			buildConfigurations = (
				926DA3882BA5F5EB009A52BC /* Debug */,
				926DA3892BA5F5EB009A52BC /* Release */,
			);
			defaultConfigurationIsVisible = 0;
			defaultConfigurationName = Release;
		};
		926DA38A2BA5F5EB009A52BC /* Build configuration list for PBXNativeTarget "WeatherApp_SadidurTests" */ = {
			isa = XCConfigurationList;
			buildConfigurations = (
				926DA38B2BA5F5EB009A52BC /* Debug */,
				926DA38C2BA5F5EB009A52BC /* Release */,
			);
			defaultConfigurationIsVisible = 0;
			defaultConfigurationName = Release;
		};
		926DA38D2BA5F5EB009A52BC /* Build configuration list for PBXNativeTarget "WeatherApp_SadidurUITests" */ = {
			isa = XCConfigurationList;
			buildConfigurations = (
				926DA38E2BA5F5EB009A52BC /* Debug */,
				926DA38F2BA5F5EB009A52BC /* Release */,
			);
			defaultConfigurationIsVisible = 0;
			defaultConfigurationName = Release;
		};
/* End XCConfigurationList section */
	};
	rootObject = 926DA3552BA5F5E9009A52BC /* Project object */;
}
